
Microsoft Visual Studio Solution File, Format Version 12.00
Project("{FAE04EC0-301F-11D3-BF4B-00C04F79EFBC}") = "prueba", "prueba\prueba.csproj", "{3E7B93B8-0777-4227-AE62-CF87FB8ABAAA}"
EndProject
Global
	GlobalSection(SolutionConfigurationPlatforms) = preSolution
		Debug|Any CPU = Debug|Any CPU
		Release|Any CPU = Release|Any CPU
	EndGlobalSection
	GlobalSection(ProjectConfigurationPlatforms) = postSolution
		{3E7B93B8-0777-4227-AE62-CF87FB8ABAAA}.Debug|Any CPU.ActiveCfg = Debug|Any CPU
		{3E7B93B8-0777-4227-AE62-CF87FB8ABAAA}.Debug|Any CPU.Build.0 = Debug|Any CPU
		{3E7B93B8-0777-4227-AE62-CF87FB8ABAAA}.Release|Any CPU.ActiveCfg = Release|Any CPU
		{3E7B93B8-0777-4227-AE62-CF87FB8ABAAA}.Release|Any CPU.Build.0 = Release|Any CPU
	EndGlobalSection
EndGlobal
